
Microsoft Visual Studio Solution File, Format Version 12.00
# Visual Studio Version 16
VisualStudioVersion = 16.0.31025.194
MinimumVisualStudioVersion = 10.0.40219.1
Project("{FAE04EC0-301F-11D3-BF4B-00C04F79EFBC}") = "Party", "Party\Party.csproj", "{AC4E6C1D-4193-4A80-8134-324C4080F8D8}"
EndProject
Global
	GlobalSection(SolutionConfigurationPlatforms) = preSolution
		Debug|Any CPU = Debug|Any CPU
		Release|Any CPU = Release|Any CPU
	EndGlobalSection
	GlobalSection(ProjectConfigurationPlatforms) = postSolution
		{AC4E6C1D-4193-4A80-8134-324C4080F8D8}.Debug|Any CPU.ActiveCfg = Debug|Any CPU
		{AC4E6C1D-4193-4A80-8134-324C4080F8D8}.Debug|Any CPU.Build.0 = Debug|Any CPU
		{AC4E6C1D-4193-4A80-8134-324C4080F8D8}.Release|Any CPU.ActiveCfg = Release|Any CPU
		{AC4E6C1D-4193-4A80-8134-324C4080F8D8}.Release|Any CPU.Build.0 = Release|Any CPU
	EndGlobalSection
	GlobalSection(SolutionProperties) = preSolution
		HideSolutionNode = FALSE
	EndGlobalSection
	GlobalSection(ExtensibilityGlobals) = postSolution
		SolutionGuid = {B753EA98-1BE9-4967-9B6E-D58927E37AC3}
	EndGlobalSection
EndGlobal
